
Microsoft Visual Studio Solution File, Format Version 12.00
# Visual Studio Version 16
VisualStudioVersion = 16.0.29827.131
MinimumVisualStudioVersion = 10.0.40219.1
Project("{FAE04EC0-301F-11D3-BF4B-00C04F79EFBC}") = "MisakaTranslator", "MisakaTranslator\MisakaTranslator.csproj", "{BB4CF2AC-2E47-4EF0-AD35-75266262AAC1}"
EndProject
Project("{9A19103F-16F7-4668-BE54-9A1E7A4F7556}") = "SettingsHelper", "SettingsHelper\SettingsHelper.csproj", "{0297B1A2-1224-4C9D-8C92-5F1820091481}"
EndProject
Project("{FAE04EC0-301F-11D3-BF4B-00C04F79EFBC}") = "Test", "Test\Test.csproj", "{395CE196-AA7F-4343-A0CC-C281FA6C48D2}"
EndProject
Project("{FAE04EC0-301F-11D3-BF4B-00C04F79EFBC}") = "JSONHelper", "JSONHelper\JSONHelper.csproj", "{17AE73D3-A228-4E07-8ADD-3C4935D00B61}"
EndProject
Global
	GlobalSection(SolutionConfigurationPlatforms) = preSolution
		Debug|Any CPU = Debug|Any CPU
		Debug|x64 = Debug|x64
		Release|Any CPU = Release|Any CPU
		Release|x64 = Release|x64
	EndGlobalSection
	GlobalSection(ProjectConfigurationPlatforms) = postSolution
		{BB4CF2AC-2E47-4EF0-AD35-75266262AAC1}.Debug|Any CPU.ActiveCfg = Debug|Any CPU
		{BB4CF2AC-2E47-4EF0-AD35-75266262AAC1}.Debug|Any CPU.Build.0 = Debug|Any CPU
		{BB4CF2AC-2E47-4EF0-AD35-75266262AAC1}.Debug|x64.ActiveCfg = Debug|x64
		{BB4CF2AC-2E47-4EF0-AD35-75266262AAC1}.Debug|x64.Build.0 = Debug|x64
		{BB4CF2AC-2E47-4EF0-AD35-75266262AAC1}.Release|Any CPU.ActiveCfg = Release|Any CPU
		{BB4CF2AC-2E47-4EF0-AD35-75266262AAC1}.Release|Any CPU.Build.0 = Release|Any CPU
		{BB4CF2AC-2E47-4EF0-AD35-75266262AAC1}.Release|x64.ActiveCfg = Release|x64
		{BB4CF2AC-2E47-4EF0-AD35-75266262AAC1}.Release|x64.Build.0 = Release|x64
		{0297B1A2-1224-4C9D-8C92-5F1820091481}.Debug|Any CPU.ActiveCfg = Debug|Any CPU
		{0297B1A2-1224-4C9D-8C92-5F1820091481}.Debug|Any CPU.Build.0 = Debug|Any CPU
		{0297B1A2-1224-4C9D-8C92-5F1820091481}.Debug|x64.ActiveCfg = Debug|Any CPU
		{0297B1A2-1224-4C9D-8C92-5F1820091481}.Debug|x64.Build.0 = Debug|Any CPU
		{0297B1A2-1224-4C9D-8C92-5F1820091481}.Release|Any CPU.ActiveCfg = Release|Any CPU
		{0297B1A2-1224-4C9D-8C92-5F1820091481}.Release|Any CPU.Build.0 = Release|Any CPU
		{0297B1A2-1224-4C9D-8C92-5F1820091481}.Release|x64.ActiveCfg = Release|Any CPU
		{0297B1A2-1224-4C9D-8C92-5F1820091481}.Release|x64.Build.0 = Release|Any CPU
		{395CE196-AA7F-4343-A0CC-C281FA6C48D2}.Debug|Any CPU.ActiveCfg = Debug|Any CPU
		{395CE196-AA7F-4343-A0CC-C281FA6C48D2}.Debug|Any CPU.Build.0 = Debug|Any CPU
		{395CE196-AA7F-4343-A0CC-C281FA6C48D2}.Debug|x64.ActiveCfg = Debug|Any CPU
		{395CE196-AA7F-4343-A0CC-C281FA6C48D2}.Debug|x64.Build.0 = Debug|Any CPU
		{395CE196-AA7F-4343-A0CC-C281FA6C48D2}.Release|Any CPU.ActiveCfg = Release|Any CPU
		{395CE196-AA7F-4343-A0CC-C281FA6C48D2}.Release|Any CPU.Build.0 = Release|Any CPU
		{395CE196-AA7F-4343-A0CC-C281FA6C48D2}.Release|x64.ActiveCfg = Release|Any CPU
		{395CE196-AA7F-4343-A0CC-C281FA6C48D2}.Release|x64.Build.0 = Release|Any CPU
		{17AE73D3-A228-4E07-8ADD-3C4935D00B61}.Debug|Any CPU.ActiveCfg = Debug|Any CPU
		{17AE73D3-A228-4E07-8ADD-3C4935D00B61}.Debug|Any CPU.Build.0 = Debug|Any CPU
		{17AE73D3-A228-4E07-8ADD-3C4935D00B61}.Debug|x64.ActiveCfg = Debug|Any CPU
		{17AE73D3-A228-4E07-8ADD-3C4935D00B61}.Debug|x64.Build.0 = Debug|Any CPU
		{17AE73D3-A228-4E07-8ADD-3C4935D00B61}.Release|Any CPU.ActiveCfg = Release|Any CPU
		{17AE73D3-A228-4E07-8ADD-3C4935D00B61}.Release|Any CPU.Build.0 = Release|Any CPU
		{17AE73D3-A228-4E07-8ADD-3C4935D00B61}.Release|x64.ActiveCfg = Release|Any CPU
		{17AE73D3-A228-4E07-8ADD-3C4935D00B61}.Release|x64.Build.0 = Release|Any CPU
	EndGlobalSection
	GlobalSection(SolutionProperties) = preSolution
		HideSolutionNode = FALSE
	EndGlobalSection
	GlobalSection(ExtensibilityGlobals) = postSolution
		SolutionGuid = {C671EE52-326B-4046-A096-7B3BD07A53D9}
	EndGlobalSection
EndGlobal
