
Microsoft Visual Studio Solution File, Format Version 12.00
# Visual Studio Version 17
VisualStudioVersion = 17.4.33213.308
MinimumVisualStudioVersion = 10.0.40219.1
Project("{9A19103F-16F7-4668-BE54-9A1E7A4F7556}") = "MisakaTranslator-WPF", "MisakaTranslator-WPF\MisakaTranslator-WPF.csproj", "{5F985830-49EF-4EF4-8A37-9AEE99E17AD4}"
EndProject
Project("{9A19103F-16F7-4668-BE54-9A1E7A4F7556}") = "TranslatorLibrary", "TranslatorLibrary\TranslatorLibrary.csproj", "{BBEBCF78-7BBB-4B19-99EE-87DDEA4F3793}"
EndProject
Project("{9A19103F-16F7-4668-BE54-9A1E7A4F7556}") = "OCRLibrary", "OCRLibrary\OCRLibrary.csproj", "{B66D98EC-FE39-45B4-9808-AC737C1A49FB}"
EndProject
Project("{9A19103F-16F7-4668-BE54-9A1E7A4F7556}") = "TextRepairLibrary", "TextRepairLibrary\TextRepairLibrary.csproj", "{722C0650-3D77-42B2-A754-50F2CB3F4C8B}"
EndProject
Project("{9A19103F-16F7-4668-BE54-9A1E7A4F7556}") = "KeyboardMouseHookLibrary", "KeyboardMouseHookLibrary\KeyboardMouseHookLibrary.csproj", "{1AE9EA11-9FA0-4D30-B16E-ECF7183DEC7A}"
EndProject
Project("{9A19103F-16F7-4668-BE54-9A1E7A4F7556}") = "TextHookLibrary", "TextHookLibrary\TextHookLibrary.csproj", "{A976D07E-0B39-41B6-B6F7-7022BBFBD3FF}"
EndProject
Project("{9A19103F-16F7-4668-BE54-9A1E7A4F7556}") = "MecabHelperLibrary", "MecabHelperLibrary\MecabHelperLibrary.csproj", "{82FDE770-321E-4433-8E05-8803850F24DB}"
EndProject
Project("{9A19103F-16F7-4668-BE54-9A1E7A4F7556}") = "SQLHelperLibrary", "SQLHelperLibrary\SQLHelperLibrary.csproj", "{08A96F84-775C-4F7E-90B0-B54780A4DDB9}"
EndProject
Project("{9A19103F-16F7-4668-BE54-9A1E7A4F7556}") = "TransOptimizationLibrary", "TransOptimizationLibrary\TransOptimizationLibrary.csproj", "{A17B385F-8E6E-4B7D-B3EF-EC08C7A8D115}"
EndProject
Project("{9A19103F-16F7-4668-BE54-9A1E7A4F7556}") = "DictionaryHelperLibrary", "DictionaryHelperLibrary\DictionaryHelperLibrary.csproj", "{EBE31ABB-EFB0-4A46-A8E0-655F614F88D9}"
EndProject
Project("{9A19103F-16F7-4668-BE54-9A1E7A4F7556}") = "TTSHelperLibrary", "TTSHelperLibrary\TTSHelperLibrary.csproj", "{DD77C61B-AF8A-44BE-BAC7-745381F84753}"
EndProject
Project("{9A19103F-16F7-4668-BE54-9A1E7A4F7556}") = "KeyboardMouseMonitor", "KeyboardMouseMonitor\KeyboardMouseMonitor.csproj", "{259361ED-FE9C-4F15-864D-88587EE19BD9}"
EndProject
Project("{9A19103F-16F7-4668-BE54-9A1E7A4F7556}") = "ArtificialTransHelperLibrary", "ArtificialTransHelperLibrary\ArtificialTransHelperLibrary.csproj", "{A6568552-A4D0-4546-ACE5-D8A710EE7E0E}"
EndProject
Global
	GlobalSection(SolutionConfigurationPlatforms) = preSolution
		Debug|Any CPU = Debug|Any CPU
		Debug|ARM64 = Debug|ARM64
		Debug|x64 = Debug|x64
		Release|Any CPU = Release|Any CPU
		Release|ARM64 = Release|ARM64
		Release|x64 = Release|x64
	EndGlobalSection
	GlobalSection(ProjectConfigurationPlatforms) = postSolution
		{5F985830-49EF-4EF4-8A37-9AEE99E17AD4}.Debug|Any CPU.ActiveCfg = Debug|Any CPU
		{5F985830-49EF-4EF4-8A37-9AEE99E17AD4}.Debug|Any CPU.Build.0 = Debug|Any CPU
		{5F985830-49EF-4EF4-8A37-9AEE99E17AD4}.Debug|Any CPU.Deploy.0 = Debug|Any CPU
		{5F985830-49EF-4EF4-8A37-9AEE99E17AD4}.Debug|ARM64.ActiveCfg = Debug|ARM64
		{5F985830-49EF-4EF4-8A37-9AEE99E17AD4}.Debug|ARM64.Build.0 = Debug|ARM64
		{5F985830-49EF-4EF4-8A37-9AEE99E17AD4}.Debug|ARM64.Deploy.0 = Debug|ARM64
		{5F985830-49EF-4EF4-8A37-9AEE99E17AD4}.Debug|x64.ActiveCfg = Debug|x64
		{5F985830-49EF-4EF4-8A37-9AEE99E17AD4}.Debug|x64.Build.0 = Debug|x64
		{5F985830-49EF-4EF4-8A37-9AEE99E17AD4}.Debug|x64.Deploy.0 = Debug|x64
		{5F985830-49EF-4EF4-8A37-9AEE99E17AD4}.Release|Any CPU.ActiveCfg = Release|Any CPU
		{5F985830-49EF-4EF4-8A37-9AEE99E17AD4}.Release|Any CPU.Build.0 = Release|Any CPU
		{5F985830-49EF-4EF4-8A37-9AEE99E17AD4}.Release|Any CPU.Deploy.0 = Release|Any CPU
		{5F985830-49EF-4EF4-8A37-9AEE99E17AD4}.Release|ARM64.ActiveCfg = Release|ARM64
		{5F985830-49EF-4EF4-8A37-9AEE99E17AD4}.Release|ARM64.Build.0 = Release|ARM64
		{5F985830-49EF-4EF4-8A37-9AEE99E17AD4}.Release|ARM64.Deploy.0 = Release|ARM64
		{5F985830-49EF-4EF4-8A37-9AEE99E17AD4}.Release|x64.ActiveCfg = Release|x64
		{5F985830-49EF-4EF4-8A37-9AEE99E17AD4}.Release|x64.Build.0 = Release|x64
		{5F985830-49EF-4EF4-8A37-9AEE99E17AD4}.Release|x64.Deploy.0 = Release|x64
		{BBEBCF78-7BBB-4B19-99EE-87DDEA4F3793}.Debug|Any CPU.ActiveCfg = Debug|Any CPU
		{BBEBCF78-7BBB-4B19-99EE-87DDEA4F3793}.Debug|Any CPU.Build.0 = Debug|Any CPU
		{BBEBCF78-7BBB-4B19-99EE-87DDEA4F3793}.Debug|ARM64.ActiveCfg = Debug|ARM64
		{BBEBCF78-7BBB-4B19-99EE-87DDEA4F3793}.Debug|ARM64.Build.0 = Debug|ARM64
		{BBEBCF78-7BBB-4B19-99EE-87DDEA4F3793}.Debug|x64.ActiveCfg = Debug|x64
		{BBEBCF78-7BBB-4B19-99EE-87DDEA4F3793}.Debug|x64.Build.0 = Debug|x64
		{BBEBCF78-7BBB-4B19-99EE-87DDEA4F3793}.Release|Any CPU.ActiveCfg = Release|Any CPU
		{BBEBCF78-7BBB-4B19-99EE-87DDEA4F3793}.Release|Any CPU.Build.0 = Release|Any CPU
		{BBEBCF78-7BBB-4B19-99EE-87DDEA4F3793}.Release|ARM64.ActiveCfg = Release|ARM64
		{BBEBCF78-7BBB-4B19-99EE-87DDEA4F3793}.Release|ARM64.Build.0 = Release|ARM64
		{BBEBCF78-7BBB-4B19-99EE-87DDEA4F3793}.Release|x64.ActiveCfg = Release|x64
		{BBEBCF78-7BBB-4B19-99EE-87DDEA4F3793}.Release|x64.Build.0 = Release|x64
		{B66D98EC-FE39-45B4-9808-AC737C1A49FB}.Debug|Any CPU.ActiveCfg = Debug|Any CPU
		{B66D98EC-FE39-45B4-9808-AC737C1A49FB}.Debug|Any CPU.Build.0 = Debug|Any CPU
		{B66D98EC-FE39-45B4-9808-AC737C1A49FB}.Debug|ARM64.ActiveCfg = Debug|ARM64
		{B66D98EC-FE39-45B4-9808-AC737C1A49FB}.Debug|ARM64.Build.0 = Debug|ARM64
		{B66D98EC-FE39-45B4-9808-AC737C1A49FB}.Debug|x64.ActiveCfg = Debug|x64
		{B66D98EC-FE39-45B4-9808-AC737C1A49FB}.Debug|x64.Build.0 = Debug|x64
		{B66D98EC-FE39-45B4-9808-AC737C1A49FB}.Release|Any CPU.ActiveCfg = Release|Any CPU
		{B66D98EC-FE39-45B4-9808-AC737C1A49FB}.Release|Any CPU.Build.0 = Release|Any CPU
		{B66D98EC-FE39-45B4-9808-AC737C1A49FB}.Release|ARM64.ActiveCfg = Release|ARM64
		{B66D98EC-FE39-45B4-9808-AC737C1A49FB}.Release|ARM64.Build.0 = Release|ARM64
		{B66D98EC-FE39-45B4-9808-AC737C1A49FB}.Release|x64.ActiveCfg = Release|x64
		{B66D98EC-FE39-45B4-9808-AC737C1A49FB}.Release|x64.Build.0 = Release|x64
		{722C0650-3D77-42B2-A754-50F2CB3F4C8B}.Debug|Any CPU.ActiveCfg = Debug|Any CPU
		{722C0650-3D77-42B2-A754-50F2CB3F4C8B}.Debug|Any CPU.Build.0 = Debug|Any CPU
		{722C0650-3D77-42B2-A754-50F2CB3F4C8B}.Debug|ARM64.ActiveCfg = Debug|ARM64
		{722C0650-3D77-42B2-A754-50F2CB3F4C8B}.Debug|ARM64.Build.0 = Debug|ARM64
		{722C0650-3D77-42B2-A754-50F2CB3F4C8B}.Debug|x64.ActiveCfg = Debug|x64
		{722C0650-3D77-42B2-A754-50F2CB3F4C8B}.Debug|x64.Build.0 = Debug|x64
		{722C0650-3D77-42B2-A754-50F2CB3F4C8B}.Release|Any CPU.ActiveCfg = Release|Any CPU
		{722C0650-3D77-42B2-A754-50F2CB3F4C8B}.Release|Any CPU.Build.0 = Release|Any CPU
		{722C0650-3D77-42B2-A754-50F2CB3F4C8B}.Release|ARM64.ActiveCfg = Release|ARM64
		{722C0650-3D77-42B2-A754-50F2CB3F4C8B}.Release|ARM64.Build.0 = Release|ARM64
		{722C0650-3D77-42B2-A754-50F2CB3F4C8B}.Release|x64.ActiveCfg = Release|x64
		{722C0650-3D77-42B2-A754-50F2CB3F4C8B}.Release|x64.Build.0 = Release|x64
		{1AE9EA11-9FA0-4D30-B16E-ECF7183DEC7A}.Debug|Any CPU.ActiveCfg = Debug|Any CPU
		{1AE9EA11-9FA0-4D30-B16E-ECF7183DEC7A}.Debug|Any CPU.Build.0 = Debug|Any CPU
		{1AE9EA11-9FA0-4D30-B16E-ECF7183DEC7A}.Debug|ARM64.ActiveCfg = Debug|ARM64
		{1AE9EA11-9FA0-4D30-B16E-ECF7183DEC7A}.Debug|ARM64.Build.0 = Debug|ARM64
		{1AE9EA11-9FA0-4D30-B16E-ECF7183DEC7A}.Debug|x64.ActiveCfg = Debug|x64
		{1AE9EA11-9FA0-4D30-B16E-ECF7183DEC7A}.Debug|x64.Build.0 = Debug|x64
		{1AE9EA11-9FA0-4D30-B16E-ECF7183DEC7A}.Release|Any CPU.ActiveCfg = Release|Any CPU
		{1AE9EA11-9FA0-4D30-B16E-ECF7183DEC7A}.Release|Any CPU.Build.0 = Release|Any CPU
		{1AE9EA11-9FA0-4D30-B16E-ECF7183DEC7A}.Release|ARM64.ActiveCfg = Release|ARM64
		{1AE9EA11-9FA0-4D30-B16E-ECF7183DEC7A}.Release|ARM64.Build.0 = Release|ARM64
		{1AE9EA11-9FA0-4D30-B16E-ECF7183DEC7A}.Release|x64.ActiveCfg = Release|x64
		{1AE9EA11-9FA0-4D30-B16E-ECF7183DEC7A}.Release|x64.Build.0 = Release|x64
		{A976D07E-0B39-41B6-B6F7-7022BBFBD3FF}.Debug|Any CPU.ActiveCfg = Debug|Any CPU
		{A976D07E-0B39-41B6-B6F7-7022BBFBD3FF}.Debug|Any CPU.Build.0 = Debug|Any CPU
		{A976D07E-0B39-41B6-B6F7-7022BBFBD3FF}.Debug|ARM64.ActiveCfg = Debug|ARM64
		{A976D07E-0B39-41B6-B6F7-7022BBFBD3FF}.Debug|ARM64.Build.0 = Debug|ARM64
		{A976D07E-0B39-41B6-B6F7-7022BBFBD3FF}.Debug|x64.ActiveCfg = Debug|x64
		{A976D07E-0B39-41B6-B6F7-7022BBFBD3FF}.Debug|x64.Build.0 = Debug|x64
		{A976D07E-0B39-41B6-B6F7-7022BBFBD3FF}.Release|Any CPU.ActiveCfg = Release|Any CPU
		{A976D07E-0B39-41B6-B6F7-7022BBFBD3FF}.Release|Any CPU.Build.0 = Release|Any CPU
		{A976D07E-0B39-41B6-B6F7-7022BBFBD3FF}.Release|ARM64.ActiveCfg = Release|ARM64
		{A976D07E-0B39-41B6-B6F7-7022BBFBD3FF}.Release|ARM64.Build.0 = Release|ARM64
		{A976D07E-0B39-41B6-B6F7-7022BBFBD3FF}.Release|x64.ActiveCfg = Release|x64
		{A976D07E-0B39-41B6-B6F7-7022BBFBD3FF}.Release|x64.Build.0 = Release|x64
		{82FDE770-321E-4433-8E05-8803850F24DB}.Debug|Any CPU.ActiveCfg = Debug|Any CPU
		{82FDE770-321E-4433-8E05-8803850F24DB}.Debug|Any CPU.Build.0 = Debug|Any CPU
		{82FDE770-321E-4433-8E05-8803850F24DB}.Debug|ARM64.ActiveCfg = Debug|ARM64
		{82FDE770-321E-4433-8E05-8803850F24DB}.Debug|ARM64.Build.0 = Debug|ARM64
		{82FDE770-321E-4433-8E05-8803850F24DB}.Debug|x64.ActiveCfg = Debug|x64
		{82FDE770-321E-4433-8E05-8803850F24DB}.Debug|x64.Build.0 = Debug|x64
		{82FDE770-321E-4433-8E05-8803850F24DB}.Release|Any CPU.ActiveCfg = Release|Any CPU
		{82FDE770-321E-4433-8E05-8803850F24DB}.Release|Any CPU.Build.0 = Release|Any CPU
		{82FDE770-321E-4433-8E05-8803850F24DB}.Release|ARM64.ActiveCfg = Release|ARM64
		{82FDE770-321E-4433-8E05-8803850F24DB}.Release|ARM64.Build.0 = Release|ARM64
		{82FDE770-321E-4433-8E05-8803850F24DB}.Release|x64.ActiveCfg = Release|x64
		{82FDE770-321E-4433-8E05-8803850F24DB}.Release|x64.Build.0 = Release|x64
		{08A96F84-775C-4F7E-90B0-B54780A4DDB9}.Debug|Any CPU.ActiveCfg = Debug|Any CPU
		{08A96F84-775C-4F7E-90B0-B54780A4DDB9}.Debug|Any CPU.Build.0 = Debug|Any CPU
		{08A96F84-775C-4F7E-90B0-B54780A4DDB9}.Debug|ARM64.ActiveCfg = Debug|ARM64
		{08A96F84-775C-4F7E-90B0-B54780A4DDB9}.Debug|ARM64.Build.0 = Debug|ARM64
		{08A96F84-775C-4F7E-90B0-B54780A4DDB9}.Debug|x64.ActiveCfg = Debug|x64
		{08A96F84-775C-4F7E-90B0-B54780A4DDB9}.Debug|x64.Build.0 = Debug|x64
		{08A96F84-775C-4F7E-90B0-B54780A4DDB9}.Release|Any CPU.ActiveCfg = Release|Any CPU
		{08A96F84-775C-4F7E-90B0-B54780A4DDB9}.Release|Any CPU.Build.0 = Release|Any CPU
		{08A96F84-775C-4F7E-90B0-B54780A4DDB9}.Release|ARM64.ActiveCfg = Release|ARM64
		{08A96F84-775C-4F7E-90B0-B54780A4DDB9}.Release|ARM64.Build.0 = Release|ARM64
		{08A96F84-775C-4F7E-90B0-B54780A4DDB9}.Release|x64.ActiveCfg = Release|x64
		{08A96F84-775C-4F7E-90B0-B54780A4DDB9}.Release|x64.Build.0 = Release|x64
		{A17B385F-8E6E-4B7D-B3EF-EC08C7A8D115}.Debug|Any CPU.ActiveCfg = Debug|Any CPU
		{A17B385F-8E6E-4B7D-B3EF-EC08C7A8D115}.Debug|Any CPU.Build.0 = Debug|Any CPU
		{A17B385F-8E6E-4B7D-B3EF-EC08C7A8D115}.Debug|ARM64.ActiveCfg = Debug|ARM64
		{A17B385F-8E6E-4B7D-B3EF-EC08C7A8D115}.Debug|ARM64.Build.0 = Debug|ARM64
		{A17B385F-8E6E-4B7D-B3EF-EC08C7A8D115}.Debug|x64.ActiveCfg = Debug|x64
		{A17B385F-8E6E-4B7D-B3EF-EC08C7A8D115}.Debug|x64.Build.0 = Debug|x64
		{A17B385F-8E6E-4B7D-B3EF-EC08C7A8D115}.Release|Any CPU.ActiveCfg = Release|Any CPU
		{A17B385F-8E6E-4B7D-B3EF-EC08C7A8D115}.Release|Any CPU.Build.0 = Release|Any CPU
		{A17B385F-8E6E-4B7D-B3EF-EC08C7A8D115}.Release|ARM64.ActiveCfg = Release|ARM64
		{A17B385F-8E6E-4B7D-B3EF-EC08C7A8D115}.Release|ARM64.Build.0 = Release|ARM64
		{A17B385F-8E6E-4B7D-B3EF-EC08C7A8D115}.Release|x64.ActiveCfg = Release|x64
		{A17B385F-8E6E-4B7D-B3EF-EC08C7A8D115}.Release|x64.Build.0 = Release|x64
		{EBE31ABB-EFB0-4A46-A8E0-655F614F88D9}.Debug|Any CPU.ActiveCfg = Debug|Any CPU
		{EBE31ABB-EFB0-4A46-A8E0-655F614F88D9}.Debug|Any CPU.Build.0 = Debug|Any CPU
		{EBE31ABB-EFB0-4A46-A8E0-655F614F88D9}.Debug|ARM64.ActiveCfg = Debug|ARM64
		{EBE31ABB-EFB0-4A46-A8E0-655F614F88D9}.Debug|ARM64.Build.0 = Debug|ARM64
		{EBE31ABB-EFB0-4A46-A8E0-655F614F88D9}.Debug|x64.ActiveCfg = Debug|x64
		{EBE31ABB-EFB0-4A46-A8E0-655F614F88D9}.Debug|x64.Build.0 = Debug|x64
		{EBE31ABB-EFB0-4A46-A8E0-655F614F88D9}.Release|Any CPU.ActiveCfg = Release|Any CPU
		{EBE31ABB-EFB0-4A46-A8E0-655F614F88D9}.Release|Any CPU.Build.0 = Release|Any CPU
		{EBE31ABB-EFB0-4A46-A8E0-655F614F88D9}.Release|ARM64.ActiveCfg = Release|ARM64
		{EBE31ABB-EFB0-4A46-A8E0-655F614F88D9}.Release|ARM64.Build.0 = Release|ARM64
		{EBE31ABB-EFB0-4A46-A8E0-655F614F88D9}.Release|x64.ActiveCfg = Release|x64
		{EBE31ABB-EFB0-4A46-A8E0-655F614F88D9}.Release|x64.Build.0 = Release|x64
		{DD77C61B-AF8A-44BE-BAC7-745381F84753}.Debug|Any CPU.ActiveCfg = Debug|Any CPU
		{DD77C61B-AF8A-44BE-BAC7-745381F84753}.Debug|Any CPU.Build.0 = Debug|Any CPU
		{DD77C61B-AF8A-44BE-BAC7-745381F84753}.Debug|ARM64.ActiveCfg = Debug|ARM64
		{DD77C61B-AF8A-44BE-BAC7-745381F84753}.Debug|ARM64.Build.0 = Debug|ARM64
		{DD77C61B-AF8A-44BE-BAC7-745381F84753}.Debug|x64.ActiveCfg = Debug|x64
		{DD77C61B-AF8A-44BE-BAC7-745381F84753}.Debug|x64.Build.0 = Debug|x64
		{DD77C61B-AF8A-44BE-BAC7-745381F84753}.Release|Any CPU.ActiveCfg = Release|Any CPU
		{DD77C61B-AF8A-44BE-BAC7-745381F84753}.Release|Any CPU.Build.0 = Release|Any CPU
		{DD77C61B-AF8A-44BE-BAC7-745381F84753}.Release|ARM64.ActiveCfg = Release|ARM64
		{DD77C61B-AF8A-44BE-BAC7-745381F84753}.Release|ARM64.Build.0 = Release|ARM64
		{DD77C61B-AF8A-44BE-BAC7-745381F84753}.Release|x64.ActiveCfg = Release|x64
		{DD77C61B-AF8A-44BE-BAC7-745381F84753}.Release|x64.Build.0 = Release|x64
		{259361ED-FE9C-4F15-864D-88587EE19BD9}.Debug|Any CPU.ActiveCfg = Debug|Any CPU
		{259361ED-FE9C-4F15-864D-88587EE19BD9}.Debug|Any CPU.Build.0 = Debug|Any CPU
		{259361ED-FE9C-4F15-864D-88587EE19BD9}.Debug|ARM64.ActiveCfg = Debug|ARM64
		{259361ED-FE9C-4F15-864D-88587EE19BD9}.Debug|ARM64.Build.0 = Debug|ARM64
		{259361ED-FE9C-4F15-864D-88587EE19BD9}.Debug|x64.ActiveCfg = Debug|x64
		{259361ED-FE9C-4F15-864D-88587EE19BD9}.Debug|x64.Build.0 = Debug|x64
		{259361ED-FE9C-4F15-864D-88587EE19BD9}.Release|Any CPU.ActiveCfg = Release|Any CPU
		{259361ED-FE9C-4F15-864D-88587EE19BD9}.Release|Any CPU.Build.0 = Release|Any CPU
		{259361ED-FE9C-4F15-864D-88587EE19BD9}.Release|ARM64.ActiveCfg = Release|ARM64
		{259361ED-FE9C-4F15-864D-88587EE19BD9}.Release|ARM64.Build.0 = Release|ARM64
		{259361ED-FE9C-4F15-864D-88587EE19BD9}.Release|x64.ActiveCfg = Release|x64
		{259361ED-FE9C-4F15-864D-88587EE19BD9}.Release|x64.Build.0 = Release|x64
		{A6568552-A4D0-4546-ACE5-D8A710EE7E0E}.Debug|Any CPU.ActiveCfg = Debug|Any CPU
		{A6568552-A4D0-4546-ACE5-D8A710EE7E0E}.Debug|Any CPU.Build.0 = Debug|Any CPU
		{A6568552-A4D0-4546-ACE5-D8A710EE7E0E}.Debug|ARM64.ActiveCfg = Debug|ARM64
		{A6568552-A4D0-4546-ACE5-D8A710EE7E0E}.Debug|ARM64.Build.0 = Debug|ARM64
		{A6568552-A4D0-4546-ACE5-D8A710EE7E0E}.Debug|x64.ActiveCfg = Debug|x64
		{A6568552-A4D0-4546-ACE5-D8A710EE7E0E}.Debug|x64.Build.0 = Debug|x64
		{A6568552-A4D0-4546-ACE5-D8A710EE7E0E}.Release|Any CPU.ActiveCfg = Release|Any CPU
		{A6568552-A4D0-4546-ACE5-D8A710EE7E0E}.Release|Any CPU.Build.0 = Release|Any CPU
		{A6568552-A4D0-4546-ACE5-D8A710EE7E0E}.Release|ARM64.ActiveCfg = Release|ARM64
		{A6568552-A4D0-4546-ACE5-D8A710EE7E0E}.Release|ARM64.Build.0 = Release|ARM64
		{A6568552-A4D0-4546-ACE5-D8A710EE7E0E}.Release|x64.ActiveCfg = Release|x64
		{A6568552-A4D0-4546-ACE5-D8A710EE7E0E}.Release|x64.Build.0 = Release|x64
	EndGlobalSection
	GlobalSection(SolutionProperties) = preSolution
		HideSolutionNode = FALSE
	EndGlobalSection
	GlobalSection(ExtensibilityGlobals) = postSolution
		SolutionGuid = {C671EE52-326B-4046-A096-7B3BD07A53D9}
	EndGlobalSection
EndGlobal
